
Microsoft Visual Studio Solution File, Format Version 12.00
# Visual Studio Version 17
VisualStudioVersion = 17.9.34607.119
MinimumVisualStudioVersion = 10.0.40219.1
Project("{9A19103F-16F7-4668-BE54-9A1E7A4F7556}") = "DotNetAzure.UI", "DotNetAzure.UI\DotNetAzure.UI.csproj", "{56E35803-39D9-4EE2-A428-E1007EDEC397}"
	ProjectSection(ProjectDependencies) = postProject
		{027E0A46-4AEF-4E2C-B296-0FC343F8805E} = {027E0A46-4AEF-4E2C-B296-0FC343F8805E}
	EndProjectSection
EndProject
Project("{FAE04EC0-301F-11D3-BF4B-00C04F79EFBC}") = "AzureServices", "AzureServices\AzureServices.csproj", "{027E0A46-4AEF-4E2C-B296-0FC343F8805E}"
EndProject
Global
	GlobalSection(SolutionConfigurationPlatforms) = preSolution
		Debug|Any CPU = Debug|Any CPU
		Release|Any CPU = Release|Any CPU
	EndGlobalSection
	GlobalSection(ProjectConfigurationPlatforms) = postSolution
		{56E35803-39D9-4EE2-A428-E1007EDEC397}.Debug|Any CPU.ActiveCfg = Debug|Any CPU
		{56E35803-39D9-4EE2-A428-E1007EDEC397}.Debug|Any CPU.Build.0 = Debug|Any CPU
		{56E35803-39D9-4EE2-A428-E1007EDEC397}.Release|Any CPU.ActiveCfg = Release|Any CPU
		{56E35803-39D9-4EE2-A428-E1007EDEC397}.Release|Any CPU.Build.0 = Release|Any CPU
		{027E0A46-4AEF-4E2C-B296-0FC343F8805E}.Debug|Any CPU.ActiveCfg = Debug|Any CPU
		{027E0A46-4AEF-4E2C-B296-0FC343F8805E}.Debug|Any CPU.Build.0 = Debug|Any CPU
		{027E0A46-4AEF-4E2C-B296-0FC343F8805E}.Release|Any CPU.ActiveCfg = Release|Any CPU
		{027E0A46-4AEF-4E2C-B296-0FC343F8805E}.Release|Any CPU.Build.0 = Release|Any CPU
	EndGlobalSection
	GlobalSection(SolutionProperties) = preSolution
		HideSolutionNode = FALSE
	EndGlobalSection
	GlobalSection(ExtensibilityGlobals) = postSolution
		SolutionGuid = {CDD22E6A-48EC-4895-89C5-4CD003DA18DC}
	EndGlobalSection
EndGlobal
